
Microsoft Visual Studio Solution File, Format Version 12.00
# Visual Studio 15
VisualStudioVersion = 15.0.28307.852
MinimumVisualStudioVersion = 10.0.40219.1
Project("{F184B08F-C81C-45F6-A57F-5ABD9991F28F}") = "AppConfigFile", "AppConfigFile\AppConfigFile.vbproj", "{0E9106A3-8C57-4624-8198-0EECFDDC0B98}"
EndProject
Global
	GlobalSection(SolutionConfigurationPlatforms) = preSolution
		Debug|Any CPU = Debug|Any CPU
		Release|Any CPU = Release|Any CPU
	EndGlobalSection
	GlobalSection(ProjectConfigurationPlatforms) = postSolution
		{0E9106A3-8C57-4624-8198-0EECFDDC0B98}.Debug|Any CPU.ActiveCfg = Debug|Any CPU
		{0E9106A3-8C57-4624-8198-0EECFDDC0B98}.Debug|Any CPU.Build.0 = Debug|Any CPU
		{0E9106A3-8C57-4624-8198-0EECFDDC0B98}.Release|Any CPU.ActiveCfg = Release|Any CPU
		{0E9106A3-8C57-4624-8198-0EECFDDC0B98}.Release|Any CPU.Build.0 = Release|Any CPU
	EndGlobalSection
	GlobalSection(SolutionProperties) = preSolution
		HideSolutionNode = FALSE
	EndGlobalSection
	GlobalSection(ExtensibilityGlobals) = postSolution
		SolutionGuid = {0C5C61F6-834C-4EC6-A31F-4FBCAE654C36}
	EndGlobalSection
EndGlobal
